
Microsoft Visual Studio Solution File, Format Version 12.00
# Visual Studio Version 17
VisualStudioVersion = 17.5.002.0
MinimumVisualStudioVersion = 10.0.40219.1
Project("{9A19103F-16F7-4668-BE54-9A1E7A4F7556}") = "AIBindings", "src/ai-bindings.csproj", "{9871F156-45DF-49A8-84C4-DED1F046D184}"
EndProject
Global
	GlobalSection(SolutionConfigurationPlatforms) = preSolution
		Debug|Any CPU = Debug|Any CPU
		Release|Any CPU = Release|Any CPU
	EndGlobalSection
	GlobalSection(ProjectConfigurationPlatforms) = postSolution
		{9871F156-45DF-49A8-84C4-DED1F046D184}.Debug|Any CPU.ActiveCfg = Debug|Any CPU
		{9871F156-45DF-49A8-84C4-DED1F046D184}.Debug|Any CPU.Build.0 = Debug|Any CPU
		{9871F156-45DF-49A8-84C4-DED1F046D184}.Release|Any CPU.ActiveCfg = Release|Any CPU
		{9871F156-45DF-49A8-84C4-DED1F046D184}.Release|Any CPU.Build.0 = Release|Any CPU
		{1C71C208-2B47-43B6-97B4-DE8D1EA8E89F}.Debug|Any CPU.ActiveCfg = Debug|Any CPU
		{1C71C208-2B47-43B6-97B4-DE8D1EA8E89F}.Debug|Any CPU.Build.0 = Debug|Any CPU
		{1C71C208-2B47-43B6-97B4-DE8D1EA8E89F}.Release|Any CPU.ActiveCfg = Release|Any CPU
		{1C71C208-2B47-43B6-97B4-DE8D1EA8E89F}.Release|Any CPU.Build.0 = Release|Any CPU
	EndGlobalSection
	GlobalSection(SolutionProperties) = preSolution
		HideSolutionNode = FALSE
	EndGlobalSection
	GlobalSection(ExtensibilityGlobals) = postSolution
		SolutionGuid = {9736983F-9C6E-4999-933C-51AA3DD787E6}
	EndGlobalSection
EndGlobal
