
Microsoft Visual Studio Solution File, Format Version 12.00
# Visual Studio Version 17
VisualStudioVersion = 17.4.33103.184
MinimumVisualStudioVersion = 10.0.40219.1
Project("{9A19103F-16F7-4668-BE54-9A1E7A4F7556}") = "text_summarization", "text_summarize\text_summarization.csproj", "{2B326CA6-ABC2-459A-9628-F9559185C710}"
EndProject
Global
	GlobalSection(SolutionConfigurationPlatforms) = preSolution
		Debug|Any CPU = Debug|Any CPU
		Release|Any CPU = Release|Any CPU
	EndGlobalSection
	GlobalSection(ProjectConfigurationPlatforms) = postSolution
		{2B326CA6-ABC2-459A-9628-F9559185C710}.Debug|Any CPU.ActiveCfg = Debug|Any CPU
		{2B326CA6-ABC2-459A-9628-F9559185C710}.Debug|Any CPU.Build.0 = Debug|Any CPU
		{2B326CA6-ABC2-459A-9628-F9559185C710}.Release|Any CPU.ActiveCfg = Release|Any CPU
		{2B326CA6-ABC2-459A-9628-F9559185C710}.Release|Any CPU.Build.0 = Release|Any CPU
	EndGlobalSection
	GlobalSection(SolutionProperties) = preSolution
		HideSolutionNode = FALSE
	EndGlobalSection
	GlobalSection(ExtensibilityGlobals) = postSolution
		SolutionGuid = {87945680-7796-415A-A467-65FE5991A564}
	EndGlobalSection
EndGlobal
