
Microsoft Visual Studio Solution File, Format Version 12.00
# Visual Studio Version 17
VisualStudioVersion = 17.4.33103.184
MinimumVisualStudioVersion = 10.0.40219.1
Project("{FAE04EC0-301F-11D3-BF4B-00C04F79EFBC}") = "textsummarizeconsole", "textsummarizeconsole\textsummarizeconsole.csproj", "{636A1739-2EB2-4934-84C6-A06EC852F5E3}"
EndProject
Global
	GlobalSection(SolutionConfigurationPlatforms) = preSolution
		Debug|Any CPU = Debug|Any CPU
		Release|Any CPU = Release|Any CPU
	EndGlobalSection
	GlobalSection(ProjectConfigurationPlatforms) = postSolution
		{636A1739-2EB2-4934-84C6-A06EC852F5E3}.Debug|Any CPU.ActiveCfg = Debug|Any CPU
		{636A1739-2EB2-4934-84C6-A06EC852F5E3}.Debug|Any CPU.Build.0 = Debug|Any CPU
		{636A1739-2EB2-4934-84C6-A06EC852F5E3}.Release|Any CPU.ActiveCfg = Release|Any CPU
		{636A1739-2EB2-4934-84C6-A06EC852F5E3}.Release|Any CPU.Build.0 = Release|Any CPU
	EndGlobalSection
	GlobalSection(SolutionProperties) = preSolution
		HideSolutionNode = FALSE
	EndGlobalSection
	GlobalSection(ExtensibilityGlobals) = postSolution
		SolutionGuid = {EA95D55E-9578-403E-8461-3653917BBF84}
	EndGlobalSection
EndGlobal
